# THIS IS AN AUTOGENERATED FILE. DO NOT EDIT THIS FILE DIRECTLY.
# yarn lockfile v1


"@babel/code-frame@^7.10.1":
  version "7.10.1"
  resolved "https://registry.yarnpkg.com/@babel/code-frame/-/code-frame-7.10.1.tgz#d5481c5095daa1c57e16e54c6f9198443afb49ff"
  integrity sha512-IGhtTmpjGbYzcEDOw7DcQtbQSXcG9ftmAXtWTu9V936vDye4xjjekktFAtgZsWpzTj/X01jocB46mTywm/4SZw==
  dependencies:
    "@babel/highlight" "^7.10.1"

"@babel/generator@^7.10.1":
  version "7.10.2"
  resolved "https://registry.yarnpkg.com/@babel/generator/-/generator-7.10.2.tgz#0fa5b5b2389db8bfdfcc3492b551ee20f5dd69a9"
  integrity sha512-AxfBNHNu99DTMvlUPlt1h2+Hn7knPpH5ayJ8OqDWSeLld+Fi2AYBTC/IejWDM9Edcii4UzZRCsbUt0WlSDsDsA==
  dependencies:
    "@babel/types" "^7.10.2"
    jsesc "^2.5.1"
    lodash "^4.17.13"
    source-map "^0.5.0"

"@babel/helper-annotate-as-pure@^7.0.0":
  version "7.10.1"
  resolved "https://registry.yarnpkg.com/@babel/helper-annotate-as-pure/-/helper-annotate-as-pure-7.10.1.tgz#f6d08acc6f70bbd59b436262553fb2e259a1a268"
  integrity sha512-ewp3rvJEwLaHgyWGe4wQssC2vjks3E80WiUe2BpMb0KhreTjMROCbxXcEovTrbeGVdQct5VjQfrv9EgC+xMzCw==
  dependencies:
    "@babel/types" "^7.10.1"

"@babel/helper-function-name@^7.10.1":
  version "7.10.1"
  resolved "https://registry.yarnpkg.com/@babel/helper-function-name/-/helper-function-name-7.10.1.tgz#92bd63829bfc9215aca9d9defa85f56b539454f4"
  integrity sha512-fcpumwhs3YyZ/ttd5Rz0xn0TpIwVkN7X0V38B9TWNfVF42KEkhkAAuPCQ3oXmtTRtiPJrmZ0TrfS0GKF0eMaRQ==
  dependencies:
    "@babel/helper-get-function-arity" "^7.10.1"
    "@babel/template" "^7.10.1"
    "@babel/types" "^7.10.1"

"@babel/helper-get-function-arity@^7.10.1":
  version "7.10.1"
  resolved "https://registry.yarnpkg.com/@babel/helper-get-function-arity/-/helper-get-function-arity-7.10.1.tgz#7303390a81ba7cb59613895a192b93850e373f7d"
  integrity sha512-F5qdXkYGOQUb0hpRaPoetF9AnsXknKjWMZ+wmsIRsp5ge5sFh4c3h1eH2pRTTuy9KKAA2+TTYomGXAtEL2fQEw==
  dependencies:
    "@babel/types" "^7.10.1"

"@babel/helper-module-imports@^7.0.0":
  version "7.10.1"
  resolved "https://registry.yarnpkg.com/@babel/helper-module-imports/-/helper-module-imports-7.10.1.tgz#dd331bd45bccc566ce77004e9d05fe17add13876"
  integrity sha512-SFxgwYmZ3HZPyZwJRiVNLRHWuW2OgE5k2nrVs6D9Iv4PPnXVffuEHy83Sfx/l4SqF+5kyJXjAyUmrG7tNm+qVg==
  dependencies:
    "@babel/types" "^7.10.1"

"@babel/helper-split-export-declaration@^7.10.1":
  version "7.10.1"
  resolved "https://registry.yarnpkg.com/@babel/helper-split-export-declaration/-/helper-split-export-declaration-7.10.1.tgz#c6f4be1cbc15e3a868e4c64a17d5d31d754da35f"
  integrity sha512-UQ1LVBPrYdbchNhLwj6fetj46BcFwfS4NllJo/1aJsT+1dLTEnXJL0qHqtY7gPzF8S2fXBJamf1biAXV3X077g==
  dependencies:
    "@babel/types" "^7.10.1"

"@babel/helper-validator-identifier@^7.10.1":
  version "7.10.1"
  resolved "https://registry.yarnpkg.com/@babel/helper-validator-identifier/-/helper-validator-identifier-7.10.1.tgz#5770b0c1a826c4f53f5ede5e153163e0318e94b5"
  integrity sha512-5vW/JXLALhczRCWP0PnFDMCJAchlBvM7f4uk/jXritBnIa6E1KmqmtrS3yn1LAnxFBypQ3eneLuXjsnfQsgILw==

"@babel/highlight@^7.10.1":
  version "7.10.1"
  resolved "https://registry.yarnpkg.com/@babel/highlight/-/highlight-7.10.1.tgz#841d098ba613ba1a427a2b383d79e35552c38ae0"
  integrity sha512-8rMof+gVP8mxYZApLF/JgNDAkdKa+aJt3ZYxF8z6+j/hpeXL7iMsKCPHa2jNMHu/qqBwzQF4OHNoYi8dMA/rYg==
  dependencies:
    "@babel/helper-validator-identifier" "^7.10.1"
    chalk "^2.0.0"
    js-tokens "^4.0.0"

"@babel/parser@^7.10.1":
  version "7.10.2"
  resolved "https://registry.yarnpkg.com/@babel/parser/-/parser-7.10.2.tgz#871807f10442b92ff97e4783b9b54f6a0ca812d0"
  integrity sha512-PApSXlNMJyB4JiGVhCOlzKIif+TKFTvu0aQAhnTvfP/z3vVSN6ZypH5bfUNwFXXjRQtUEBNFd2PtmCmG2Py3qQ==

"@babel/runtime@^7.9.2":
  version "7.10.2"
  resolved "https://registry.yarnpkg.com/@babel/runtime/-/runtime-7.10.2.tgz#d103f21f2602497d38348a32e008637d506db839"
  integrity sha512-6sF3uQw2ivImfVIl62RZ7MXhO2tap69WeWK57vAaimT6AZbE4FbqjdEJIN1UqoD6wI6B+1n9UiagafH1sxjOtg==
  dependencies:
    regenerator-runtime "^0.13.4"

"@babel/template@^7.10.1":
  version "7.10.1"
  resolved "https://registry.yarnpkg.com/@babel/template/-/template-7.10.1.tgz#e167154a94cb5f14b28dc58f5356d2162f539811"
  integrity sha512-OQDg6SqvFSsc9A0ej6SKINWrpJiNonRIniYondK2ViKhB06i3c0s+76XUft71iqBEe9S1OKsHwPAjfHnuvnCig==
  dependencies:
    "@babel/code-frame" "^7.10.1"
    "@babel/parser" "^7.10.1"
    "@babel/types" "^7.10.1"

"@babel/traverse@^7.0.0", "@babel/traverse@^7.4.5":
  version "7.10.1"
  resolved "https://registry.yarnpkg.com/@babel/traverse/-/traverse-7.10.1.tgz#bbcef3031e4152a6c0b50147f4958df54ca0dd27"
  integrity sha512-C/cTuXeKt85K+p08jN6vMDz8vSV0vZcI0wmQ36o6mjbuo++kPMdpOYw23W2XH04dbRt9/nMEfA4W3eR21CD+TQ==
  dependencies:
    "@babel/code-frame" "^7.10.1"
    "@babel/generator" "^7.10.1"
    "@babel/helper-function-name" "^7.10.1"
    "@babel/helper-split-export-declaration" "^7.10.1"
    "@babel/parser" "^7.10.1"
    "@babel/types" "^7.10.1"
    debug "^4.1.0"
    globals "^11.1.0"
    lodash "^4.17.13"

"@babel/types@^7.10.1", "@babel/types@^7.10.2":
  version "7.10.2"
  resolved "https://registry.yarnpkg.com/@babel/types/-/types-7.10.2.tgz#30283be31cad0dbf6fb00bd40641ca0ea675172d"
  integrity sha512-AD3AwWBSz0AWF0AkCN9VPiWrvldXq+/e3cHa4J89vo4ymjz1XwrBFFVZmkJTsQIPNk+ZVomPSXUJqq8yyjZsng==
  dependencies:
    "@babel/helper-validator-identifier" "^7.10.1"
    lodash "^4.17.13"
    to-fast-properties "^2.0.0"

"@emotion/is-prop-valid@^0.8.1", "@emotion/is-prop-valid@^0.8.8":
  version "0.8.8"
  resolved "https://registry.yarnpkg.com/@emotion/is-prop-valid/-/is-prop-valid-0.8.8.tgz#db28b1c4368a259b60a97311d6a952d4fd01ac1a"
  integrity sha512-u5WtneEAr5IDG2Wv65yhunPSMLIpuKsbuOktRojfrEiEvRyC85LgPMZI63cr7NUqT8ZIGdSVg8ZKGxIug4lXcA==
  dependencies:
    "@emotion/memoize" "0.7.4"

"@emotion/memoize@0.7.4":
  version "0.7.4"
  resolved "https://registry.yarnpkg.com/@emotion/memoize/-/memoize-0.7.4.tgz#19bf0f5af19149111c40d98bb0cf82119f5d9eeb"
  integrity sha512-Ja/Vfqe3HpuzRsG1oBtWTHk2PGZ7GR+2Vz5iYGelAw8dx32K0y7PjVuxK6z1nMpZOqAFsRUPCkK1YjJ56qJlgw==

"@emotion/stylis@^0.8.4":
  version "0.8.5"
  resolved "https://registry.yarnpkg.com/@emotion/stylis/-/stylis-0.8.5.tgz#deacb389bd6ee77d1e7fcaccce9e16c5c7e78e04"
  integrity sha512-h6KtPihKFn3T9fuIrwvXXUOwlx3rfUvfZIcP5a6rh8Y7zjE3O06hT5Ss4S/YI1AYhuZ1kjaE/5EaOOI2NqSylQ==

"@emotion/unitless@^0.7.0", "@emotion/unitless@^0.7.4":
  version "0.7.5"
  resolved "https://registry.yarnpkg.com/@emotion/unitless/-/unitless-0.7.5.tgz#77211291c1900a700b8a78cfafda3160d76949ed"
  integrity sha512-OWORNpfjMsSSUBVrRBVGECkhWcULOAJz9ZW8uK9qgxD+87M7jHRcvh/A96XXNhXTLmKcoYSQtBEX7lHMO7YRwg==

"@fortawesome/fontawesome-common-types@^0.2.28":
  version "0.2.28"
  resolved "https://npm.fontawesome.com/@fortawesome/fontawesome-common-types/-/0.2.28/fontawesome-common-types-0.2.28.tgz#1091bdfe63b3f139441e9cba27aa022bff97d8b2"
  integrity sha512-gtis2/5yLdfI6n0ia0jH7NJs5i/Z/8M/ZbQL6jXQhCthEOe5Cr5NcQPhgTvFxNOtURE03/ZqUcEskdn2M+QaBg==

"@fortawesome/fontawesome-pro@^5.13.0":
  version "5.13.0"
  resolved "https://npm.fontawesome.com/@fortawesome/fontawesome-pro/-/5.13.0/fontawesome-pro-5.13.0.tgz#fde32ed4d9933c4c9b60b8a74a79c67eba58d984"
  integrity sha512-97Su0vmIuCdxrklVbjTzY1i16nvyKaqFmFBgrTsgeCVmyIWXNydiS62jhKlkwH9sMb8Tw4wYQ+J1EKbRILowxw==

"@fortawesome/fontawesome-svg-core@^1.2.0-14", "@fortawesome/fontawesome-svg-core@^1.2.28", "@fortawesome/fontawesome-svg-core@^1.2.4":
  version "1.2.28"
  resolved "https://npm.fontawesome.com/@fortawesome/fontawesome-svg-core/-/1.2.28/fontawesome-svg-core-1.2.28.tgz#e5b8c8814ef375f01f5d7c132d3c3a2f83a3abf9"
  integrity sha512-4LeaNHWvrneoU0i8b5RTOJHKx7E+y7jYejplR7uSVB34+mp3Veg7cbKk7NBCLiI4TyoWS1wh9ZdoyLJR8wSAdg==
  dependencies:
    "@fortawesome/fontawesome-common-types" "^0.2.28"

"@fortawesome/free-brands-svg-icons@^5.3.1":
  version "5.13.0"
  resolved "https://npm.fontawesome.com/@fortawesome/free-brands-svg-icons/-/5.13.0/free-brands-svg-icons-5.13.0.tgz#e79de73ba6555055204828dca9c0691e7ce5242b"
  integrity sha512-/6xXiJFCMEQxqxXbL0FPJpwq5Cv6MRrjsbJEmH/t5vOvB4dILDpnY0f7zZSlA8+TG7jwlt12miF/yZpZkykucA==
  dependencies:
    "@fortawesome/fontawesome-common-types" "^0.2.28"

"@fortawesome/free-regular-svg-icons@^5.3.1":
  version "5.13.0"
  resolved "https://npm.fontawesome.com/@fortawesome/free-regular-svg-icons/-/5.13.0/free-regular-svg-icons-5.13.0.tgz#925a13d8bdda0678f71551828cac80ab47b8150c"
  integrity sha512-70FAyiS5j+ANYD4dh9NGowTorNDnyvQHHpCM7FpnF7GxtDjBUCKdrFqCPzesEIpNDFNd+La3vex+jDk4nnUfpA==
  dependencies:
    "@fortawesome/fontawesome-common-types" "^0.2.28"

"@fortawesome/free-solid-svg-icons@^5.1.0-11", "@fortawesome/free-solid-svg-icons@^5.3.1":
  version "5.13.0"
  resolved "https://npm.fontawesome.com/@fortawesome/free-solid-svg-icons/-/5.13.0/free-solid-svg-icons-5.13.0.tgz#44d9118668ad96b4fd5c9434a43efc5903525739"
  integrity sha512-IHUgDJdomv6YtG4p3zl1B5wWf9ffinHIvebqQOmV3U+3SLw4fC+LUCCgwfETkbTtjy5/Qws2VoVf6z/ETQpFpg==
  dependencies:
    "@fortawesome/fontawesome-common-types" "^0.2.28"

"@fortawesome/pro-light-svg-icons@^5.13.0":
  version "5.13.0"
  resolved "https://npm.fontawesome.com/@fortawesome/pro-light-svg-icons/-/5.13.0/pro-light-svg-icons-5.13.0.tgz#f531e5a39e7a3e033b615292561f9b96bf0dfeed"
  integrity sha512-zi7rrtH7qpJ8o4qQQ3NS31eLQUG2To3jeOqkTjdmA9dpQKRw5eJ/G4Q1YxQIXQohxSY85rc1JuTzFoRiCqmElg==
  dependencies:
    "@fortawesome/fontawesome-common-types" "^0.2.28"

"@fortawesome/pro-regular-svg-icons@^5.13.0":
  version "5.13.0"
  resolved "https://npm.fontawesome.com/@fortawesome/pro-regular-svg-icons/-/5.13.0/pro-regular-svg-icons-5.13.0.tgz#f6a74484e1e20a8e8cfcc4e41c0c81c505e0d5dd"
  integrity sha512-yYQV729ECEtpT+39KF7oRTDtAS7OxkAfj8kUjuE7AoxaVwcK/Mw9B6x3klpzXGJFc6gL+/CTxFCPRMbtIjNo+w==
  dependencies:
    "@fortawesome/fontawesome-common-types" "^0.2.28"

"@fortawesome/pro-solid-svg-icons@^5.13.0":
  version "5.13.0"
  resolved "https://npm.fontawesome.com/@fortawesome/pro-solid-svg-icons/-/5.13.0/pro-solid-svg-icons-5.13.0.tgz#8708f27cdbf906f0799e0f0d41a8b4556fafe798"
  integrity sha512-MK3ycWLTTDw2xdY5BOQU3KYcGFk07Lj1Ub+EAlEAs9WcSgw7meEO3acPBpgNXUPB11gsI/4o9h+UxzJM1u+L8g==
  dependencies:
    "@fortawesome/fontawesome-common-types" "^0.2.28"

"@fortawesome/react-fontawesome@^0.1.0-11", "@fortawesome/react-fontawesome@^0.1.11", "@fortawesome/react-fontawesome@^0.1.3":
  version "0.1.11"
  resolved "https://npm.fontawesome.com/@fortawesome/react-fontawesome/-/0.1.11/react-fontawesome-0.1.11.tgz#c1a95a2bdb6a18fa97b355a563832e248bf6ef4a"
  integrity sha512-sClfojasRifQKI0OPqTy8Ln8iIhnxR/Pv/hukBhWnBz9kQRmqi6JSH3nghlhAY7SUeIIM7B5/D2G8WjX0iepVg==
  dependencies:
    prop-types "^15.7.2"

"@framer/clayton.form-input@^1.2.0":
  version "1.2.0"
  resolved "https://registry.framer.com/@framer/clayton.form-input/-/@framer/clayton.form-input-1.2.0.tgz#76771705accebfbd74a64f8476d8f92084f82920"
  integrity sha512-bVSNmilWbLOiMPJMLbAcRCaOg4Qb45XQs0/I5KxEjH9ktADabHXkX+hF9IkgUSid77OFG8c6k8aRTiUNzn+XDQ==
  dependencies:
    styled-components "^4.1.3"

"@framer/ctruansky.wrapping-lists@^1.2.0":
  version "1.2.0"
  resolved "https://registry.framer.com/@framer/ctruansky.wrapping-lists/-/@framer/ctruansky.wrapping-lists-1.2.0.tgz#a1dada936482ebe0a8a2c464ab0e807475c8e652"
  integrity sha512-4+oGzUhtKWnDYJP7YOqOR6O638KZAoVyUi7BYJ3H41NfbLvL93DTRYOwgtmR8Oa4/upmymyfPw0C7fYIUh5e3Q==
  dependencies:
    styled-components "^4.3.2"

"@framer/davidhellmann.font-awesome-free@^1.3.0":
  version "1.3.0"
  resolved "https://registry.framer.com/@framer/davidhellmann.font-awesome-free/-/@framer/davidhellmann.font-awesome-free-1.3.0.tgz#cbab6a67b18d1e29f3bdab0fa37b6dda7a8b0152"
  integrity sha1-y6tqZ7GNHinzvasPo3tt2nqLAVI=
  dependencies:
    "@fortawesome/fontawesome-svg-core" "^1.2.4"
    "@fortawesome/free-regular-svg-icons" "^5.3.1"
    "@fortawesome/free-solid-svg-icons" "^5.3.1"
    "@fortawesome/react-fontawesome" "^0.1.3"

"@framer/djfumberger.mockmatic@^1.14.0":
  version "1.18.0"
  resolved "https://registry.framer.com/@framer/djfumberger.mockmatic/-/@framer/djfumberger.mockmatic-1.18.0.tgz#9dc2c159390f9b8319efd9bc6333a64dad94d7ac"
  integrity sha512-iZe9LqmaBNjXo5FKreT3i0F0qTozF/Ahee3ncXR0E+IqSlKcnCUIZa2Cs8LoB92uDiFXsak3yftzgMQFBMVWdA==
  dependencies:
    three "^0.105.2"
    three-obj-loader "^1.1.3"

"@framer/edoardo.ios-kit@^1.6.0":
  version "1.6.0"
  resolved "https://registry.framer.com/@framer/edoardo.ios-kit/-/@framer/edoardo.ios-kit-1.6.0.tgz#4106996f04874240464cf2ff2dadd75219c96226"
  integrity sha512-XiPljPZc9MpsjGzbW9qSlTkIOo+zTc8+/7myaYqJ7G0ZK4Cyg3YjPidueMWChACkFADxdeVr/HCCAkg9rVOGLQ==

"@framer/framer.base@^1.1.0":
  version "1.1.0"
  resolved "https://registry.framer.com/@framer/framer.base/-/@framer/framer.base-1.1.0.tgz#8b80b62799441940c38a92fefc2b10222dd7a008"
  integrity sha512-VGwx6n+YNghMCnvwMYk+MF8GUZeqHibQgNl7XRw6SKnqVwnBGWDVmEOssvEV/mLdHl0llFKwnd4bbHWm6ukpSw==
  dependencies:
    framer-base "1.1.0-alpha.5"
    polished "^3.4.1"
    react-feather "^2.0.3"
    styled-components "^4.4.0"

"@framer/framer.default@^1.71.0":
  version "1.71.0"
  resolved "https://registry.framer.com/@framer/framer.default/-/@framer/framer.default-1.71.0.tgz#b9686541c57222025cfc7d582578c9fabe4419ee"
  integrity sha512-W0WKtDLtRUpVX9saVbwhCOv0nu6OGhQg7B5MWflXzsADLavhLkLjKWYgUCmICGE7xfqXdP5yeiMJJacXYgYlAA==
  dependencies:
    react-feather "^2.0.3"

"@framer/ismael.sounds@^1.10.0":
  version "1.10.0"
  resolved "https://registry.framer.com/@framer/ismael.sounds/-/@framer/ismael.sounds-1.10.0.tgz#6e284eea477dc7d5ba3ac19611ea53fefabee645"
  integrity sha512-dj6HrnpnFADOIkTAmQNbnqpMd+cVwXQB3uOOLjlKv4r+tLivsEVhqDoO9SWL5DrvVCC5y/uAkjihZCFTVNkfVg==

"@framer/lada.simple-avatars-wip@^1.3.0":
  version "1.3.0"
  resolved "https://registry.framer.com/@framer/lada.simple-avatars-wip/-/@framer/lada.simple-avatars-wip-1.3.0.tgz#be4bf318c58e80b143bf5ca44ca49cb7144b9c72"
  integrity sha1-vkvzGMWOgLFDv1ykTKSctxRLnHI=
  dependencies:
    color-diff "^1.1.0"
    color-hash "^1.0.3"
    tinycolor2 "^1.4.1"

"@framer/marcopesani.font-awesome-free@^1.1.0":
  version "1.1.0"
  resolved "https://registry.framer.com/@framer/marcopesani.font-awesome-free/-/@framer/marcopesani.font-awesome-free-1.1.0.tgz#2dc1a69884dd2baf6f9a25cbafce21d5af8b65f7"
  integrity sha1-LcGmmITdK69vmiXLr84h1a+LZfc=
  dependencies:
    "@fortawesome/fontawesome-svg-core" "^1.2.0-14"
    "@fortawesome/free-brands-svg-icons" "^5.3.1"
    "@fortawesome/free-regular-svg-icons" "^5.3.1"
    "@fortawesome/free-solid-svg-icons" "^5.1.0-11"
    "@fortawesome/react-fontawesome" "^0.1.0-11"

"@framer/maxsteitle.progress-bar@^1.6.0":
  version "1.6.0"
  resolved "https://registry.framer.com/@framer/maxsteitle.progress-bar/-/@framer/maxsteitle.progress-bar-1.6.0.tgz#f0fbf65bc89bb9d02c8358bcd3d359e004ee76eb"
  integrity sha512-nVA6HWl3dxHRxNB1iuEl2w1pm2JEvw0c0glJfsD4W9t4bA75pxpOMLcx9gzILMCMovrgo1Q6Dz7b/t3WZRXKpg==

"@framer/rmarinac89.ios-notification@^1.2.0":
  version "1.2.0"
  resolved "https://registry.framer.com/@framer/rmarinac89.ios-notification/-/@framer/rmarinac89.ios-notification-1.2.0.tgz#00b5fe1e0cf6aeb1a94b303e5969565cc54dc2b6"
  integrity sha512-+mJNo5k3x3Nh2RnHulx7b/q55ykhao64Tkiri/rvXXSO+/Z4v0xUF7/HdS8juAcubPwsxWunsNpVkNF5zstLGg==
  dependencies:
    "@framer/djfumberger.mockmatic" "^1.14.0"
    "@framer/ismael.sounds" "^1.10.0"

"@types/prop-types@*":
  version "15.7.3"
  resolved "https://registry.yarnpkg.com/@types/prop-types/-/prop-types-15.7.3.tgz#2ab0d5da2e5815f94b0b9d4b95d1e5f243ab2ca7"
  integrity sha512-KfRL3PuHmqQLOG+2tGpRO26Ctg+Cq1E01D2DMriKEATHgWLfeNDmq9e29Q9WIky0dQ3NPkd1mzYH8Lm936Z9qw==

"@types/react@^16.8":
  version "16.9.36"
  resolved "https://registry.yarnpkg.com/@types/react/-/react-16.9.36.tgz#ade589ff51e2a903e34ee4669e05dbfa0c1ce849"
  integrity sha512-mGgUb/Rk/vGx4NCvquRuSH0GHBQKb1OqpGS9cT9lFxlTLHZgkksgI60TuIxubmn7JuCb+sENHhQciqa0npm0AQ==
  dependencies:
    "@types/prop-types" "*"
    csstype "^2.2.0"

ansi-styles@^3.2.1:
  version "3.2.1"
  resolved "https://registry.yarnpkg.com/ansi-styles/-/ansi-styles-3.2.1.tgz#41fbb20243e50b12be0f04b8dedbf07520ce841d"
  integrity sha512-VT0ZI6kZRdTh8YyJw3SMbYm/u+NqfsAxEpWO0Pf9sq8/e94WxxOpPKx9FR1FlyCtOVDNOQ+8ntlqFxiRc+r5qA==
  dependencies:
    color-convert "^1.9.0"

"babel-plugin-styled-components@>= 1":
  version "1.10.7"
  resolved "https://registry.yarnpkg.com/babel-plugin-styled-components/-/babel-plugin-styled-components-1.10.7.tgz#3494e77914e9989b33cc2d7b3b29527a949d635c"
  integrity sha512-MBMHGcIA22996n9hZRf/UJLVVgkEOITuR2SvjHLb5dSTUyR4ZRGn+ngITapes36FI3WLxZHfRhkA1ffHxihOrg==
  dependencies:
    "@babel/helper-annotate-as-pure" "^7.0.0"
    "@babel/helper-module-imports" "^7.0.0"
    babel-plugin-syntax-jsx "^6.18.0"
    lodash "^4.17.11"

babel-plugin-syntax-jsx@^6.18.0:
  version "6.18.0"
  resolved "https://registry.yarnpkg.com/babel-plugin-syntax-jsx/-/babel-plugin-syntax-jsx-6.18.0.tgz#0af32a9a6e13ca7a3fd5069e62d7b0f58d0d8946"
  integrity sha1-CvMqmm4Tyno/1QaeYtew9Y0NiUY=

camelize@^1.0.0:
  version "1.0.0"
  resolved "https://registry.yarnpkg.com/camelize/-/camelize-1.0.0.tgz#164a5483e630fa4321e5af07020e531831b2609b"
  integrity sha1-FkpUg+Yw+kMh5a8HAg5TGDGyYJs=

chalk@^2.0.0:
  version "2.4.2"
  resolved "https://registry.yarnpkg.com/chalk/-/chalk-2.4.2.tgz#cd42541677a54333cf541a49108c1432b44c9424"
  integrity sha512-Mti+f9lpJNcwF4tWV8/OrTTtF1gZi+f8FqlyAdouralcFWFQWF2+NgCHShjkCb+IFBLq9buZwE1xckQU4peSuQ==
  dependencies:
    ansi-styles "^3.2.1"
    escape-string-regexp "^1.0.5"
    supports-color "^5.3.0"

color-convert@^1.9.0:
  version "1.9.3"
  resolved "https://registry.yarnpkg.com/color-convert/-/color-convert-1.9.3.tgz#bb71850690e1f136567de629d2d5471deda4c1e8"
  integrity sha512-QfAUtd+vFdAtFQcC8CCyYt1fYWxSqAiK2cSD6zDB8N3cpsEBAvRxp9zOGg6G/SHHJYAT88/az/IuDGALsNVbGg==
  dependencies:
    color-name "1.1.3"

color-diff@^1.1.0:
  version "1.2.0"
  resolved "https://registry.yarnpkg.com/color-diff/-/color-diff-1.2.0.tgz#01a7c806de47dbd5ae571da49e65489666c999a7"
  integrity sha512-FN7iLBCfb97ElJU2AQXbBAFXPbKmu0XJjPU9GWWmUkIbXka+Im8Q5w1geiL9GB+AktJ4pIA6nRZD1+TlEG6/rA==

color-hash@^1.0.3:
  version "1.0.3"
  resolved "https://registry.yarnpkg.com/color-hash/-/color-hash-1.0.3.tgz#c0e7952f06d022e548e65da239512bd67d3809ee"
  integrity sha1-wOeVLwbQIuVI5l2iOVEr1n04Ce4=

color-name@1.1.3:
  version "1.1.3"
  resolved "https://registry.yarnpkg.com/color-name/-/color-name-1.1.3.tgz#a7d0558bd89c42f795dd42328f740831ca53bc25"
  integrity sha1-p9BVi9icQveV3UIyj3QIMcpTvCU=

css-color-keywords@^1.0.0:
  version "1.0.0"
  resolved "https://registry.yarnpkg.com/css-color-keywords/-/css-color-keywords-1.0.0.tgz#fea2616dc676b2962686b3af8dbdbe180b244e05"
  integrity sha1-/qJhbcZ2spYmhrOvjb2+GAskTgU=

css-to-react-native@^2.2.2:
  version "2.3.2"
  resolved "https://registry.yarnpkg.com/css-to-react-native/-/css-to-react-native-2.3.2.tgz#e75e2f8f7aa385b4c3611c52b074b70a002f2e7d"
  integrity sha512-VOFaeZA053BqvvvqIA8c9n0+9vFppVBAHCp6JgFTtTMU3Mzi+XnelJ9XC9ul3BqFzZyQ5N+H0SnwsWT2Ebchxw==
  dependencies:
    camelize "^1.0.0"
    css-color-keywords "^1.0.0"
    postcss-value-parser "^3.3.0"

css-to-react-native@^3.0.0:
  version "3.0.0"
  resolved "https://registry.yarnpkg.com/css-to-react-native/-/css-to-react-native-3.0.0.tgz#62dbe678072a824a689bcfee011fc96e02a7d756"
  integrity sha512-Ro1yETZA813eoyUp2GDBhG2j+YggidUmzO1/v9eYBKR2EHVEniE2MI/NqpTQ954BMpTPZFsGNPm46qFB9dpaPQ==
  dependencies:
    camelize "^1.0.0"
    css-color-keywords "^1.0.0"
    postcss-value-parser "^4.0.2"

csstype@^2.2.0:
  version "2.6.10"
  resolved "https://registry.yarnpkg.com/csstype/-/csstype-2.6.10.tgz#e63af50e66d7c266edb6b32909cfd0aabe03928b"
  integrity sha512-D34BqZU4cIlMCY93rZHbrq9pjTAQJ3U8S8rfBqjwHxkGPThWFjzZDQpgMJY0QViLxth6ZKYiwFBo14RdN44U/w==

debug@^4.1.0:
  version "4.1.1"
  resolved "https://registry.yarnpkg.com/debug/-/debug-4.1.1.tgz#3b72260255109c6b589cee050f1d516139664791"
  integrity sha512-pYAIzeRo8J6KPEaJ0VWOh5Pzkbw/RetuzehGM7QRRX5he4fPHx2rdKMB256ehJCkX+XRQm16eZLqLNS8RSZXZw==
  dependencies:
    ms "^2.1.1"

escape-string-regexp@^1.0.5:
  version "1.0.5"
  resolved "https://registry.yarnpkg.com/escape-string-regexp/-/escape-string-regexp-1.0.5.tgz#1b61c0562190a8dff6ae3bb2cf0200ca130b86d4"
  integrity sha1-G2HAViGQqN/2rjuyzwIAyhMLhtQ=

framer-base@1.1.0-alpha.5:
  version "1.1.0-alpha.5"
  resolved "https://registry.yarnpkg.com/framer-base/-/framer-base-1.1.0-alpha.5.tgz#d2c314ac7a4c53048a6bf0c2758bfea54ed1d05d"
  integrity sha512-dRKdtZafLPrlTC68p5WlmUfeGiGRFk9nrWptQTdhtk74n5aucuQKuwL+l27/3ixDjuvZj2kkNeEl0SVEVPx1qA==
  dependencies:
    polished "^3.4.1"
    react-feather "^2.0.3"
    styled-components "^4.4.0"

globals@^11.1.0:
  version "11.12.0"
  resolved "https://registry.yarnpkg.com/globals/-/globals-11.12.0.tgz#ab8795338868a0babd8525758018c2a7eb95c42e"
  integrity sha512-WOBp/EEGUiIsJSp7wcv/y6MO+lV9UoncWqxuFfm8eBwzWNgyfBd6Gz+IeKQ9jCmyhoH99g15M3T+QaVHFjizVA==

has-flag@^3.0.0:
  version "3.0.0"
  resolved "https://registry.yarnpkg.com/has-flag/-/has-flag-3.0.0.tgz#b5d454dc2199ae225699f3467e5a07f3b955bafd"
  integrity sha1-tdRU3CGZriJWmfNGfloH87lVuv0=

hoist-non-react-statics@^3.0.0:
  version "3.3.2"
  resolved "https://registry.yarnpkg.com/hoist-non-react-statics/-/hoist-non-react-statics-3.3.2.tgz#ece0acaf71d62c2969c2ec59feff42a4b1a85b45"
  integrity sha512-/gGivxi8JPKWNm/W0jSmzcMPpfpPLc3dY/6GxhX2hQ9iGj3aDfklV4ET7NjKpSinLpJ5vafa9iiGIEZg10SfBw==
  dependencies:
    react-is "^16.7.0"

is-what@^3.3.1:
  version "3.8.0"
  resolved "https://registry.yarnpkg.com/is-what/-/is-what-3.8.0.tgz#610bc46a524355f2424eb85eedc6ebbbf7e1ff8c"
  integrity sha512-UKeBoQfV8bjlM4pmx1FLDHdxslW/1mTksEs8ReVsilPmUv5cORd4+2/wFcviI3cUjrLybxCjzc8DnodAzJ/Wrg==

"js-tokens@^3.0.0 || ^4.0.0", js-tokens@^4.0.0:
  version "4.0.0"
  resolved "https://registry.yarnpkg.com/js-tokens/-/js-tokens-4.0.0.tgz#19203fb59991df98e3a287050d4647cdeaf32499"
  integrity sha512-RdJUflcE3cUzKiMqQgsCu06FPu9UdIJO0beYbPhHN4k6apgJtifcoCtT9bcxOpYBtpD2kCM6Sbzg4CausW/PKQ==

jsesc@^2.5.1:
  version "2.5.2"
  resolved "https://registry.yarnpkg.com/jsesc/-/jsesc-2.5.2.tgz#80564d2e483dacf6e8ef209650a67df3f0c283a4"
  integrity sha512-OYu7XEzjkCQ3C5Ps3QIZsQfNpqoJyZZA99wd9aWd05NCtC5pWOkShK2mkL6HXQR6/Cy2lbNdPlZBpuQHXE63gA==

lodash@^4.17.11, lodash@^4.17.13:
  version "4.17.15"
  resolved "https://registry.yarnpkg.com/lodash/-/lodash-4.17.15.tgz#b447f6670a0455bbfeedd11392eff330ea097548"
  integrity sha512-8xOcRHvCjnocdS5cpwXQXVzmmh5e5+saE2QGoeQmbKmRS6J3VQppPOIt0MnmE+4xlZoumy0GPG0D0MVIQbNA1A==

loose-envify@^1.4.0:
  version "1.4.0"
  resolved "https://registry.yarnpkg.com/loose-envify/-/loose-envify-1.4.0.tgz#71ee51fa7be4caec1a63839f7e682d8132d30caf"
  integrity sha512-lyuxPGr/Wfhrlem2CL/UcnUc1zcqKAImBDzukY7Y5F/yQiNdko6+fRLevlw1HgMySw7f611UIY408EtxRSoK3Q==
  dependencies:
    js-tokens "^3.0.0 || ^4.0.0"

memoize-one@^5.0.0:
  version "5.1.1"
  resolved "https://registry.yarnpkg.com/memoize-one/-/memoize-one-5.1.1.tgz#047b6e3199b508eaec03504de71229b8eb1d75c0"
  integrity sha512-HKeeBpWvqiVJD57ZUAsJNm71eHTykffzcLZVYWiVfQeI1rJtuEaS7hQiEpWfVVk18donPwJEcFKIkCmPJNOhHA==

merge-anything@^2.2.4:
  version "2.4.4"
  resolved "https://registry.yarnpkg.com/merge-anything/-/merge-anything-2.4.4.tgz#6226b2ac3d3d3fc5fb9e8d23aa400df25f98fdf0"
  integrity sha512-l5XlriUDJKQT12bH+rVhAHjwIuXWdAIecGwsYjv2LJo+dA1AeRTmeQS+3QBpO6lEthBMDi2IUMpLC1yyRvGlwQ==
  dependencies:
    is-what "^3.3.1"

ms@^2.1.1:
  version "2.1.2"
  resolved "https://registry.yarnpkg.com/ms/-/ms-2.1.2.tgz#d09d1f357b443f493382a8eb3ccd183872ae6009"
  integrity sha512-sGkPx+VjMtmA6MX27oA4FBFELFCZZ4S4XqeGOXCv68tT+jb3vk/RyaKWP0PTKyWtmLSM0b+adUTEvbs1PEaH2w==

object-assign@^4.1.1:
  version "4.1.1"
  resolved "https://registry.yarnpkg.com/object-assign/-/object-assign-4.1.1.tgz#2109adc7965887cfc05cbbd442cac8bfbb360863"
  integrity sha1-IQmtx5ZYh8/AXLvUQsrIv7s2CGM=

polished@^3.4.1:
  version "3.6.5"
  resolved "https://registry.yarnpkg.com/polished/-/polished-3.6.5.tgz#dbefdde64c675935ec55119fe2a2ab627ca82e9c"
  integrity sha512-VwhC9MlhW7O5dg/z7k32dabcAFW1VI2+7fSe8cE/kXcfL7mVdoa5UxciYGW2sJU78ldDLT6+ROEKIZKFNTnUXQ==
  dependencies:
    "@babel/runtime" "^7.9.2"

postcss-value-parser@^3.3.0:
  version "3.3.1"
  resolved "https://registry.yarnpkg.com/postcss-value-parser/-/postcss-value-parser-3.3.1.tgz#9ff822547e2893213cf1c30efa51ac5fd1ba8281"
  integrity sha512-pISE66AbVkp4fDQ7VHBwRNXzAAKJjw4Vw7nWI/+Q3vuly7SNfgYXvm6i5IgFylHGK5sP/xHAbB7N49OS4gWNyQ==

postcss-value-parser@^4.0.2:
  version "4.1.0"
  resolved "https://registry.yarnpkg.com/postcss-value-parser/-/postcss-value-parser-4.1.0.tgz#443f6a20ced6481a2bda4fa8532a6e55d789a2cb"
  integrity sha512-97DXOFbQJhk71ne5/Mt6cOu6yxsSfM0QGQyl0L25Gca4yGWEGJaig7l7gbCX623VqTBNGLRLaVUCnNkcedlRSQ==

prop-types@^15.5.4, prop-types@^15.7.2:
  version "15.7.2"
  resolved "https://registry.yarnpkg.com/prop-types/-/prop-types-15.7.2.tgz#52c41e75b8c87e72b9d9360e0206b99dcbffa6c5"
  integrity sha512-8QQikdH7//R2vurIJSutZ1smHYTcLpRWEOlHnzcWHmBYrOGUysKwSsrC89BCiFj3CbrfJ/nXFdJepOVrY1GCHQ==
  dependencies:
    loose-envify "^1.4.0"
    object-assign "^4.1.1"
    react-is "^16.8.1"

react-feather@^2.0.3:
  version "2.0.8"
  resolved "https://registry.yarnpkg.com/react-feather/-/react-feather-2.0.8.tgz#455baf1470f756a57e2ad6c72545444ce5925781"
  integrity sha512-J0dCEOvOxpovHeOVj3+8mAhN3/UERTfX6rSxnV6x4E+0s+STY536jhSjRfpSvTQA0SSFjYr4KrpPfdsLmK+zZg==
  dependencies:
    prop-types "^15.7.2"

react-is@^16.6.0, react-is@^16.7.0, react-is@^16.8.1:
  version "16.13.1"
  resolved "https://registry.yarnpkg.com/react-is/-/react-is-16.13.1.tgz#789729a4dc36de2999dc156dd6c1d9c18cea56a4"
  integrity sha512-24e6ynE2H+OKt4kqsOvNd8kBpV65zoxbA4BVsEOB3ARVWQki/DHzaUoC5KuON/BiccDaCCTZBuOcfZs70kR8bQ==

regenerator-runtime@^0.13.4:
  version "0.13.5"
  resolved "https://registry.yarnpkg.com/regenerator-runtime/-/regenerator-runtime-0.13.5.tgz#d878a1d094b4306d10b9096484b33ebd55e26697"
  integrity sha512-ZS5w8CpKFinUzOwW3c83oPeVXoNsrLsaCoLtJvAClH135j/R77RuymhiSErhm2lKcwSCIpmvIWSbDkIfAqKQlA==

shallowequal@^1.1.0:
  version "1.1.0"
  resolved "https://registry.yarnpkg.com/shallowequal/-/shallowequal-1.1.0.tgz#188d521de95b9087404fd4dcb68b13df0ae4e7f8"
  integrity sha512-y0m1JoUZSlPAjXVtPPW70aZWfIL/dSP7AFkRnniLCrK/8MDKog3TySTBmckD+RObVxH0v4Tox67+F14PdED2oQ==

source-map@^0.5.0:
  version "0.5.7"
  resolved "https://registry.yarnpkg.com/source-map/-/source-map-0.5.7.tgz#8a039d2d1021d22d1ea14c80d8ea468ba2ef3fcc"
  integrity sha1-igOdLRAh0i0eoUyA2OpGi6LvP8w=

styled-components@^4.1.3, styled-components@^4.3.2, styled-components@^4.4.0:
  version "4.4.1"
  resolved "https://registry.yarnpkg.com/styled-components/-/styled-components-4.4.1.tgz#e0631e889f01db67df4de576fedaca463f05c2f2"
  integrity sha512-RNqj14kYzw++6Sr38n7197xG33ipEOktGElty4I70IKzQF1jzaD1U4xQ+Ny/i03UUhHlC5NWEO+d8olRCDji6g==
  dependencies:
    "@babel/helper-module-imports" "^7.0.0"
    "@babel/traverse" "^7.0.0"
    "@emotion/is-prop-valid" "^0.8.1"
    "@emotion/unitless" "^0.7.0"
    babel-plugin-styled-components ">= 1"
    css-to-react-native "^2.2.2"
    memoize-one "^5.0.0"
    merge-anything "^2.2.4"
    prop-types "^15.5.4"
    react-is "^16.6.0"
    stylis "^3.5.0"
    stylis-rule-sheet "^0.0.10"
    supports-color "^5.5.0"

styled-components@^5.1.1:
  version "5.1.1"
  resolved "https://registry.yarnpkg.com/styled-components/-/styled-components-5.1.1.tgz#96dfb02a8025794960863b9e8e365e3b6be5518d"
  integrity sha512-1ps8ZAYu2Husx+Vz8D+MvXwEwvMwFv+hqqUwhNlDN5ybg6A+3xyW1ECrAgywhvXapNfXiz79jJyU0x22z0FFTg==
  dependencies:
    "@babel/helper-module-imports" "^7.0.0"
    "@babel/traverse" "^7.4.5"
    "@emotion/is-prop-valid" "^0.8.8"
    "@emotion/stylis" "^0.8.4"
    "@emotion/unitless" "^0.7.4"
    babel-plugin-styled-components ">= 1"
    css-to-react-native "^3.0.0"
    hoist-non-react-statics "^3.0.0"
    shallowequal "^1.1.0"
    supports-color "^5.5.0"

stylis-rule-sheet@^0.0.10:
  version "0.0.10"
  resolved "https://registry.yarnpkg.com/stylis-rule-sheet/-/stylis-rule-sheet-0.0.10.tgz#44e64a2b076643f4b52e5ff71efc04d8c3c4a430"
  integrity sha512-nTbZoaqoBnmK+ptANthb10ZRZOGC+EmTLLUxeYIuHNkEKcmKgXX1XWKkUBT2Ac4es3NybooPe0SmvKdhKJZAuw==

stylis@^3.5.0:
  version "3.5.4"
  resolved "https://registry.yarnpkg.com/stylis/-/stylis-3.5.4.tgz#f665f25f5e299cf3d64654ab949a57c768b73fbe"
  integrity sha512-8/3pSmthWM7lsPBKv7NXkzn2Uc9W7NotcwGNpJaa3k7WMM1XDCA4MgT5k/8BIexd5ydZdboXtU90XH9Ec4Bv/Q==

supports-color@^5.3.0, supports-color@^5.5.0:
  version "5.5.0"
  resolved "https://registry.yarnpkg.com/supports-color/-/supports-color-5.5.0.tgz#e2e69a44ac8772f78a1ec0b35b689df6530efc8f"
  integrity sha512-QjVjwdXIt408MIiAqCX4oUKsgU2EqAGzs2Ppkm4aQYbjm+ZEWEcW4SfFNTr4uMNZma0ey4f5lgLrkB0aX0QMow==
  dependencies:
    has-flag "^3.0.0"

three-obj-loader@^1.1.3:
  version "1.1.3"
  resolved "https://registry.yarnpkg.com/three-obj-loader/-/three-obj-loader-1.1.3.tgz#4d540a256fcf2a59a6c6e0cd51a623efd76fd87d"
  integrity sha512-usuOOTAqeM7J7dyae/I9ltFnfy1g47Hsr3byTvBTeH9LYz5vb2i8rLd2Hi1HEr0MbB5H4p9YrqFaDGcijXEVNw==

three@^0.105.2:
  version "0.105.2"
  resolved "https://registry.yarnpkg.com/three/-/three-0.105.2.tgz#d135f1549bdcf5a9acd904ba3dbf9198a0268984"
  integrity sha512-L3Al37k4g3hVbgFFS251UVtIc25chhyN0/RvXzR0C+uIBToV6EKDG+MZzEXm9L2miGUVMK27W46/VkP6WUZXMg==

tinycolor2@^1.4.1:
  version "1.4.1"
  resolved "https://registry.yarnpkg.com/tinycolor2/-/tinycolor2-1.4.1.tgz#f4fad333447bc0b07d4dc8e9209d8f39a8ac77e8"
  integrity sha1-9PrTM0R7wLB9TcjpIJ2POaisd+g=

to-fast-properties@^2.0.0:
  version "2.0.0"
  resolved "https://registry.yarnpkg.com/to-fast-properties/-/to-fast-properties-2.0.0.tgz#dc5e698cbd079265bc73e0377681a4e4e83f616e"
  integrity sha1-3F5pjL0HkmW8c+A3doGk5Og/YW4=
